
Microsoft Visual Studio Solution File, Format Version 12.00
# Visual Studio Version 16
VisualStudioVersion = 16.0.31424.327
MinimumVisualStudioVersion = 10.0.40219.1
Project("{9A19103F-16F7-4668-BE54-9A1E7A4F7556}") = "findWeather", "findWeather.csproj", "{20ADC7C3-3082-4030-9812-66E6F5A34D1B}"
EndProject
Global
	GlobalSection(SolutionConfigurationPlatforms) = preSolution
		Debug|Any CPU = Debug|Any CPU
		Release|Any CPU = Release|Any CPU
	EndGlobalSection
	GlobalSection(ProjectConfigurationPlatforms) = postSolution
		{20ADC7C3-3082-4030-9812-66E6F5A34D1B}.Debug|Any CPU.ActiveCfg = Debug|Any CPU
		{20ADC7C3-3082-4030-9812-66E6F5A34D1B}.Debug|Any CPU.Build.0 = Debug|Any CPU
		{20ADC7C3-3082-4030-9812-66E6F5A34D1B}.Release|Any CPU.ActiveCfg = Release|Any CPU
		{20ADC7C3-3082-4030-9812-66E6F5A34D1B}.Release|Any CPU.Build.0 = Release|Any CPU
	EndGlobalSection
	GlobalSection(SolutionProperties) = preSolution
		HideSolutionNode = FALSE
	EndGlobalSection
	GlobalSection(ExtensibilityGlobals) = postSolution
		SolutionGuid = {6C3A23C4-D026-4CC8-9893-A46E20C919D0}
	EndGlobalSection
EndGlobal
